
Microsoft Visual Studio Solution File, Format Version 12.00
# Visual Studio Version 17
VisualStudioVersion = 17.3.32929.385
MinimumVisualStudioVersion = 10.0.40219.1
Project("{FAE04EC0-301F-11D3-BF4B-00C04F79EFBC}") = "VendaLanche", "VendaLanche\VendaLanche.csproj", "{28E229B2-8FDA-4DF2-A239-A4D1FA1E1232}"
EndProject
Global
	GlobalSection(SolutionConfigurationPlatforms) = preSolution
		Debug|Any CPU = Debug|Any CPU
		Release|Any CPU = Release|Any CPU
	EndGlobalSection
	GlobalSection(ProjectConfigurationPlatforms) = postSolution
		{28E229B2-8FDA-4DF2-A239-A4D1FA1E1232}.Debug|Any CPU.ActiveCfg = Debug|Any CPU
		{28E229B2-8FDA-4DF2-A239-A4D1FA1E1232}.Debug|Any CPU.Build.0 = Debug|Any CPU
		{28E229B2-8FDA-4DF2-A239-A4D1FA1E1232}.Release|Any CPU.ActiveCfg = Release|Any CPU
		{28E229B2-8FDA-4DF2-A239-A4D1FA1E1232}.Release|Any CPU.Build.0 = Release|Any CPU
	EndGlobalSection
	GlobalSection(SolutionProperties) = preSolution
		HideSolutionNode = FALSE
	EndGlobalSection
	GlobalSection(ExtensibilityGlobals) = postSolution
		SolutionGuid = {947B978C-24A3-4E89-AD42-2805FED79871}
	EndGlobalSection
EndGlobal
